
Microsoft Visual Studio Solution File, Format Version 12.00
# Visual Studio Version 17
VisualStudioVersion = 17.9.34701.34
MinimumVisualStudioVersion = 10.0.40219.1
Project("{9A19103F-16F7-4668-BE54-9A1E7A4F7556}") = "HicomInterview.Web", "Web\HicomInterview.Web.csproj", "{9B503363-A9FF-4FCB-98C5-3D519B3F8E97}"
EndProject
Project("{9A19103F-16F7-4668-BE54-9A1E7A4F7556}") = "HicomInterview.Application", "Application\HicomInterview.Application.csproj", "{BD31B464-8E54-47EF-A075-4CBAB49EFABF}"
EndProject
Project("{9A19103F-16F7-4668-BE54-9A1E7A4F7556}") = "HicomInterview.Domain", "Domain\HicomInterview.Domain.csproj", "{12A71FD2-8E41-4482-9307-4CAC615B5D5A}"
EndProject
Project("{9A19103F-16F7-4668-BE54-9A1E7A4F7556}") = "HicomInterview.Infrastructure", "Infrastructure\HicomInterview.Infrastructure.csproj", "{4285B727-9B52-42EA-8588-C13AA74F0254}"
EndProject
Project("{FAE04EC0-301F-11D3-BF4B-00C04F79EFBC}") = "HicomInterview.Api", "Api\HicomInterview.Api.csproj", "{2D4E50C1-0B7E-43DD-8FCB-FA57CEB8D124}"
EndProject
Project("{2150E333-8FDC-42A3-9474-1A3956D46DE8}") = "Database", "Database", "{933765A1-554D-413C-A13A-CE0654E55258}"
	ProjectSection(SolutionItems) = preProject
		Database\HicomInterview.ldf = Database\HicomInterview.ldf
		Database\HicomInterview.mdf = Database\HicomInterview.mdf
	EndProjectSection
EndProject
Global
	GlobalSection(SolutionConfigurationPlatforms) = preSolution
		Debug|Any CPU = Debug|Any CPU
		Release|Any CPU = Release|Any CPU
	EndGlobalSection
	GlobalSection(ProjectConfigurationPlatforms) = postSolution
		{9B503363-A9FF-4FCB-98C5-3D519B3F8E97}.Debug|Any CPU.ActiveCfg = Debug|Any CPU
		{9B503363-A9FF-4FCB-98C5-3D519B3F8E97}.Debug|Any CPU.Build.0 = Debug|Any CPU
		{9B503363-A9FF-4FCB-98C5-3D519B3F8E97}.Release|Any CPU.ActiveCfg = Release|Any CPU
		{9B503363-A9FF-4FCB-98C5-3D519B3F8E97}.Release|Any CPU.Build.0 = Release|Any CPU
		{BD31B464-8E54-47EF-A075-4CBAB49EFABF}.Debug|Any CPU.ActiveCfg = Debug|Any CPU
		{BD31B464-8E54-47EF-A075-4CBAB49EFABF}.Debug|Any CPU.Build.0 = Debug|Any CPU
		{BD31B464-8E54-47EF-A075-4CBAB49EFABF}.Release|Any CPU.ActiveCfg = Release|Any CPU
		{BD31B464-8E54-47EF-A075-4CBAB49EFABF}.Release|Any CPU.Build.0 = Release|Any CPU
		{12A71FD2-8E41-4482-9307-4CAC615B5D5A}.Debug|Any CPU.ActiveCfg = Debug|Any CPU
		{12A71FD2-8E41-4482-9307-4CAC615B5D5A}.Debug|Any CPU.Build.0 = Debug|Any CPU
		{12A71FD2-8E41-4482-9307-4CAC615B5D5A}.Release|Any CPU.ActiveCfg = Release|Any CPU
		{12A71FD2-8E41-4482-9307-4CAC615B5D5A}.Release|Any CPU.Build.0 = Release|Any CPU
		{4285B727-9B52-42EA-8588-C13AA74F0254}.Debug|Any CPU.ActiveCfg = Debug|Any CPU
		{4285B727-9B52-42EA-8588-C13AA74F0254}.Debug|Any CPU.Build.0 = Debug|Any CPU
		{4285B727-9B52-42EA-8588-C13AA74F0254}.Release|Any CPU.ActiveCfg = Release|Any CPU
		{4285B727-9B52-42EA-8588-C13AA74F0254}.Release|Any CPU.Build.0 = Release|Any CPU
		{2D4E50C1-0B7E-43DD-8FCB-FA57CEB8D124}.Debug|Any CPU.ActiveCfg = Debug|Any CPU
		{2D4E50C1-0B7E-43DD-8FCB-FA57CEB8D124}.Debug|Any CPU.Build.0 = Debug|Any CPU
		{2D4E50C1-0B7E-43DD-8FCB-FA57CEB8D124}.Release|Any CPU.ActiveCfg = Release|Any CPU
		{2D4E50C1-0B7E-43DD-8FCB-FA57CEB8D124}.Release|Any CPU.Build.0 = Release|Any CPU
	EndGlobalSection
	GlobalSection(SolutionProperties) = preSolution
		HideSolutionNode = FALSE
	EndGlobalSection
	GlobalSection(ExtensibilityGlobals) = postSolution
		SolutionGuid = {93C87498-ABF7-42E6-AE80-01914C85C0F4}
	EndGlobalSection
EndGlobal
